// !$*UTF8*$!
{
	archiveVersion = 1;
	classes = {
	};
	objectVersion = 50;
	objects = {

/* Begin PBXBuildFile section */
		D564CFB622357E4100721B9F /* AppDelegate.swift in Sources */ = {isa = PBXBuildFile; fileRef = D564CFB522357E4100721B9F /* AppDelegate.swift */; };
		D564CFB822357E4100721B9F /* ViewController.swift in Sources */ = {isa = PBXBuildFile; fileRef = D564CFB722357E4100721B9F /* ViewController.swift */; };
		D564CFBB22357E4100721B9F /* Main.storyboard in Resources */ = {isa = PBXBuildFile; fileRef = D564CFB922357E4100721B9F /* Main.storyboard */; };
		D564CFC022357E4300721B9F /* LaunchScreen.storyboard in Resources */ = {isa = PBXBuildFile; fileRef = D564CFBE22357E4300721B9F /* LaunchScreen.storyboard */; };
		D564CFCD2235D63E00721B9F /* ThirstySoftRegular.otf in Resources */ = {isa = PBXBuildFile; fileRef = D564CFCB2235D63E00721B9F /* ThirstySoftRegular.otf */; };
		D564CFCE2235D63E00721B9F /* Delm-Medium.otf in Resources */ = {isa = PBXBuildFile; fileRef = D564CFCC2235D63E00721B9F /* Delm-Medium.otf */; };
		D564CFD02235E3E900721B9F /* Assets.xcassets in Resources */ = {isa = PBXBuildFile; fileRef = D564CFCF2235E3E900721B9F /* Assets.xcassets */; };
		D59E480F223707FD00F45548 /* ImageGridView.swift in Sources */ = {isa = PBXBuildFile; fileRef = D59E480E223707FD00F45548 /* ImageGridView.swift */; };
/* End PBXBuildFile section */

/* Begin PBXFileReference section */
		D564CFB222357E4100721B9F /* Instagrid.app */ = {isa = PBXFileReference; explicitFileType = wrapper.application; includeInIndex = 0; path = Instagrid.app; sourceTree = BUILT_PRODUCTS_DIR; };
		D564CFB522357E4100721B9F /* AppDelegate.swift */ = {isa = PBXFileReference; lastKnownFileType = sourcecode.swift; path = AppDelegate.swift; sourceTree = "<group>"; };
		D564CFB722357E4100721B9F /* ViewController.swift */ = {isa = PBXFileReference; lastKnownFileType = sourcecode.swift; path = ViewController.swift; sourceTree = "<group>"; };
		D564CFBA22357E4100721B9F /* Base */ = {isa = PBXFileReference; lastKnownFileType = file.storyboard; name = Base; path = Base.lproj/Main.storyboard; sourceTree = "<group>"; };
		D564CFBF22357E4300721B9F /* Base */ = {isa = PBXFileReference; lastKnownFileType = file.storyboard; name = Base; path = Base.lproj/LaunchScreen.storyboard; sourceTree = "<group>"; };
		D564CFC122357E4300721B9F /* Info.plist */ = {isa = PBXFileReference; lastKnownFileType = text.plist.xml; path = Info.plist; sourceTree = "<group>"; };
		D564CFCB2235D63E00721B9F /* ThirstySoftRegular.otf */ = {isa = PBXFileReference; lastKnownFileType = file; path = ThirstySoftRegular.otf; sourceTree = "<group>"; };
		D564CFCC2235D63E00721B9F /* Delm-Medium.otf */ = {isa = PBXFileReference; lastKnownFileType = file; path = "Delm-Medium.otf"; sourceTree = "<group>"; };
		D564CFCF2235E3E900721B9F /* Assets.xcassets */ = {isa = PBXFileReference; lastKnownFileType = folder.assetcatalog; path = Assets.xcassets; sourceTree = "<group>"; };
		D59E480E223707FD00F45548 /* ImageGridView.swift */ = {isa = PBXFileReference; lastKnownFileType = sourcecode.swift; path = ImageGridView.swift; sourceTree = "<group>"; };
/* End PBXFileReference section */

/* Begin PBXFrameworksBuildPhase section */
		D564CFAF22357E4100721B9F /* Frameworks */ = {
			isa = PBXFrameworksBuildPhase;
			buildActionMask = 2147483647;
			files = (
			);
			runOnlyForDeploymentPostprocessing = 0;
		};
/* End PBXFrameworksBuildPhase section */

/* Begin PBXGroup section */
		D564CFA922357E4100721B9F = {
			isa = PBXGroup;
			children = (
				D564CFB422357E4100721B9F /* Instagrid */,
				D564CFB322357E4100721B9F /* Products */,
			);
			sourceTree = "<group>";
		};
		D564CFB322357E4100721B9F /* Products */ = {
			isa = PBXGroup;
			children = (
				D564CFB222357E4100721B9F /* Instagrid.app */,
			);
			name = Products;
			sourceTree = "<group>";
		};
		D564CFB422357E4100721B9F /* Instagrid */ = {
			isa = PBXGroup;
			children = (
				D564CFCA2235D5E500721B9F /* Supporting Files */,
				D564CFC92235D5A300721B9F /* View */,
				D564CFC82235D59E00721B9F /* Model */,
				D564CFC72235D59500721B9F /* Controller */,
			);
			path = Instagrid;
			sourceTree = "<group>";
		};
		D564CFC72235D59500721B9F /* Controller */ = {
			isa = PBXGroup;
			children = (
				D564CFB722357E4100721B9F /* ViewController.swift */,
			);
			path = Controller;
			sourceTree = "<group>";
		};
		D564CFC82235D59E00721B9F /* Model */ = {
			isa = PBXGroup;
			children = (
			);
			path = Model;
			sourceTree = "<group>";
		};
		D564CFC92235D5A300721B9F /* View */ = {
			isa = PBXGroup;
			children = (
				D59E480E223707FD00F45548 /* ImageGridView.swift */,
				D564CFB922357E4100721B9F /* Main.storyboard */,
			);
			path = View;
			sourceTree = "<group>";
		};
		D564CFCA2235D5E500721B9F /* Supporting Files */ = {
			isa = PBXGroup;
			children = (
				D564CFCF2235E3E900721B9F /* Assets.xcassets */,
				D564CFCC2235D63E00721B9F /* Delm-Medium.otf */,
				D564CFCB2235D63E00721B9F /* ThirstySoftRegular.otf */,
				D564CFB522357E4100721B9F /* AppDelegate.swift */,
				D564CFBE22357E4300721B9F /* LaunchScreen.storyboard */,
				D564CFC122357E4300721B9F /* Info.plist */,
			);
			path = "Supporting Files";
			sourceTree = "<group>";
		};
/* End PBXGroup section */

/* Begin PBXNativeTarget section */
		D564CFB122357E4100721B9F /* Instagrid */ = {
			isa = PBXNativeTarget;
			buildConfigurationList = D564CFC422357E4300721B9F /* Build configuration list for PBXNativeTarget "Instagrid" */;
			buildPhases = (
				D564CFAE22357E4100721B9F /* Sources */,
				D564CFAF22357E4100721B9F /* Frameworks */,
				D564CFB022357E4100721B9F /* Resources */,
			);
			buildRules = (
			);
			dependencies = (
			);
			name = Instagrid;
			productName = Instagrid;
			productReference = D564CFB222357E4100721B9F /* Instagrid.app */;
			productType = "com.apple.product-type.application";
		};
/* End PBXNativeTarget section */

/* Begin PBXProject section */
		D564CFAA22357E4100721B9F /* Project object */ = {
			isa = PBXProject;
			attributes = {
				LastSwiftUpdateCheck = 1010;
				LastUpgradeCheck = 1010;
				ORGANIZATIONNAME = XenoX;
				TargetAttributes = {
					D564CFB122357E4100721B9F = {
						CreatedOnToolsVersion = 10.1;
					};
				};
			};
			buildConfigurationList = D564CFAD22357E4100721B9F /* Build configuration list for PBXProject "Instagrid" */;
			compatibilityVersion = "Xcode 9.3";
			developmentRegion = en;
			hasScannedForEncodings = 0;
			knownRegions = (
				en,
				Base,
			);
			mainGroup = D564CFA922357E4100721B9F;
			productRefGroup = D564CFB322357E4100721B9F /* Products */;
			projectDirPath = "";
			projectRoot = "";
			targets = (
				D564CFB122357E4100721B9F /* Instagrid */,
			);
		};
/* End PBXProject section */

/* Begin PBXResourcesBuildPhase section */
		D564CFB022357E4100721B9F /* Resources */ = {
			isa = PBXResourcesBuildPhase;
			buildActionMask = 2147483647;
			files = (
				D564CFC022357E4300721B9F /* LaunchScreen.storyboard in Resources */,
				D564CFCE2235D63E00721B9F /* Delm-Medium.otf in Resources */,
				D564CFCD2235D63E00721B9F /* ThirstySoftRegular.otf in Resources */,
				D564CFBB22357E4100721B9F /* Main.storyboard in Resources */,
				D564CFD02235E3E900721B9F /* Assets.xcassets in Resources */,
			);
			runOnlyForDeploymentPostprocessing = 0;
		};
/* End PBXResourcesBuildPhase section */

/* Begin PBXSourcesBuildPhase section */
		D564CFAE22357E4100721B9F /* Sources */ = {
			isa = PBXSourcesBuildPhase;
			buildActionMask = 2147483647;
			files = (
				D59E480F223707FD00F45548 /* ImageGridView.swift in Sources */,
				D564CFB822357E4100721B9F /* ViewController.swift in Sources */,
				D564CFB622357E4100721B9F /* AppDelegate.swift in Sources */,
			);
			runOnlyForDeploymentPostprocessing = 0;
		};
/* End PBXSourcesBuildPhase section */

/* Begin PBXVariantGroup section */
		D564CFB922357E4100721B9F /* Main.storyboard */ = {
			isa = PBXVariantGroup;
			children = (
				D564CFBA22357E4100721B9F /* Base */,
			);
			name = Main.storyboard;
			sourceTree = "<group>";
		};
		D564CFBE22357E4300721B9F /* LaunchScreen.storyboard */ = {
			isa = PBXVariantGroup;
			children = (
				D564CFBF22357E4300721B9F /* Base */,
			);
			name = LaunchScreen.storyboard;
			sourceTree = "<group>";
		};
/* End PBXVariantGroup section */

/* Begin XCBuildConfiguration section */
		D564CFC222357E4300721B9F /* Debug */ = {
			isa = XCBuildConfiguration;
			buildSettings = {
				ALWAYS_SEARCH_USER_PATHS = NO;
				CLANG_ANALYZER_NONNULL = YES;
				CLANG_ANALYZER_NUMBER_OBJECT_CONVERSION = YES_AGGRESSIVE;
				CLANG_CXX_LANGUAGE_STANDARD = "gnu++14";
				CLANG_CXX_LIBRARY = "libc++";
				CLANG_ENABLE_MODULES = YES;
				CLANG_ENABLE_OBJC_ARC = YES;
				CLANG_ENABLE_OBJC_WEAK = YES;
				CLANG_WARN_BLOCK_CAPTURE_AUTORELEASING = YES;
				CLANG_WARN_BOOL_CONVERSION = YES;
				CLANG_WARN_COMMA = YES;
				CLANG_WARN_CONSTANT_CONVERSION = YES;
				CLANG_WARN_DEPRECATED_OBJC_IMPLEMENTATIONS = YES;
				CLANG_WARN_DIRECT_OBJC_ISA_USAGE = YES_ERROR;
				CLANG_WARN_DOCUMENTATION_COMMENTS = YES;
				CLANG_WARN_EMPTY_BODY = YES;
				CLANG_WARN_ENUM_CONVERSION = YES;
				CLANG_WARN_INFINITE_RECURSION = YES;
				CLANG_WARN_INT_CONVERSION = YES;
				CLANG_WARN_NON_LITERAL_NULL_CONVERSION = YES;
				CLANG_WARN_OBJC_IMPLICIT_RETAIN_SELF = YES;
				CLANG_WARN_OBJC_LITERAL_CONVERSION = YES;
				CLANG_WARN_OBJC_ROOT_CLASS = YES_ERROR;
				CLANG_WARN_RANGE_LOOP_ANALYSIS = YES;
				CLANG_WARN_STRICT_PROTOTYPES = YES;
				CLANG_WARN_SUSPICIOUS_MOVE = YES;
				CLANG_WARN_UNGUARDED_AVAILABILITY = YES_AGGRESSIVE;
				CLANG_WARN_UNREACHABLE_CODE = YES;
				CLANG_WARN__DUPLICATE_METHOD_MATCH = YES;
				CODE_SIGN_IDENTITY = "iPhone Developer";
				COPY_PHASE_STRIP = NO;
				DEBUG_INFORMATION_FORMAT = dwarf;
				ENABLE_STRICT_OBJC_MSGSEND = YES;
				ENABLE_TESTABILITY = YES;
				GCC_C_LANGUAGE_STANDARD = gnu11;
				GCC_DYNAMIC_NO_PIC = NO;
				GCC_NO_COMMON_BLOCKS = YES;
				GCC_OPTIMIZATION_LEVEL = 0;
				GCC_PREPROCESSOR_DEFINITIONS = (
					"DEBUG=1",
					"$(inherited)",
				);
				GCC_WARN_64_TO_32_BIT_CONVERSION = YES;
				GCC_WARN_ABOUT_RETURN_TYPE = YES_ERROR;
				GCC_WARN_UNDECLARED_SELECTOR = YES;
				GCC_WARN_UNINITIALIZED_AUTOS = YES_AGGRESSIVE;
				GCC_WARN_UNUSED_FUNCTION = YES;
				GCC_WARN_UNUSED_VARIABLE = YES;
				IPHONEOS_DEPLOYMENT_TARGET = 12.1;
				MTL_ENABLE_DEBUG_INFO = INCLUDE_SOURCE;
				MTL_FAST_MATH = YES;
				ONLY_ACTIVE_ARCH = YES;
				SDKROOT = iphoneos;
				SWIFT_ACTIVE_COMPILATION_CONDITIONS = DEBUG;
				SWIFT_OPTIMIZATION_LEVEL = "-Onone";
			};
			name = Debug;
		};
		D564CFC322357E4300721B9F /* Release */ = {
			isa = XCBuildConfiguration;
			buildSettings = {
				ALWAYS_SEARCH_USER_PATHS = NO;
				CLANG_ANALYZER_NONNULL = YES;
				CLANG_ANALYZER_NUMBER_OBJECT_CONVERSION = YES_AGGRESSIVE;
				CLANG_CXX_LANGUAGE_STANDARD = "gnu++14";
				CLANG_CXX_LIBRARY = "libc++";
				CLANG_ENABLE_MODULES = YES;
				CLANG_ENABLE_OBJC_ARC = YES;
				CLANG_ENABLE_OBJC_WEAK = YES;
				CLANG_WARN_BLOCK_CAPTURE_AUTORELEASING = YES;
				CLANG_WARN_BOOL_CONVERSION = YES;
				CLANG_WARN_COMMA = YES;
				CLANG_WARN_CONSTANT_CONVERSION = YES;
				CLANG_WARN_DEPRECATED_OBJC_IMPLEMENTATIONS = YES;
				CLANG_WARN_DIRECT_OBJC_ISA_USAGE = YES_ERROR;
				CLANG_WARN_DOCUMENTATION_COMMENTS = YES;
				CLANG_WARN_EMPTY_BODY = YES;
				CLANG_WARN_ENUM_CONVERSION = YES;
				CLANG_WARN_INFINITE_RECURSION = YES;
				CLANG_WARN_INT_CONVERSION = YES;
				CLANG_WARN_NON_LITERAL_NULL_CONVERSION = YES;
				CLANG_WARN_OBJC_IMPLICIT_RETAIN_SELF = YES;
				CLANG_WARN_OBJC_LITERAL_CONVERSION = YES;
				CLANG_WARN_OBJC_ROOT_CLASS = YES_ERROR;
				CLANG_WARN_RANGE_LOOP_ANALYSIS = YES;
				CLANG_WARN_STRICT_PROTOTYPES = YES;
				CLANG_WARN_SUSPICIOUS_MOVE = YES;
				CLANG_WARN_UNGUARDED_AVAILABILITY = YES_AGGRESSIVE;
				CLANG_WARN_UNREACHABLE_CODE = YES;
				CLANG_WARN__DUPLICATE_METHOD_MATCH = YES;
				CODE_SIGN_IDENTITY = "iPhone Developer";
				COPY_PHASE_STRIP = NO;
				DEBUG_INFORMATION_FORMAT = "dwarf-with-dsym";
				ENABLE_NS_ASSERTIONS = NO;
				ENABLE_STRICT_OBJC_MSGSEND = YES;
				GCC_C_LANGUAGE_STANDARD = gnu11;
				GCC_NO_COMMON_BLOCKS = YES;
				GCC_WARN_64_TO_32_BIT_CONVERSION = YES;
				GCC_WARN_ABOUT_RETURN_TYPE = YES_ERROR;
				GCC_WARN_UNDECLARED_SELECTOR = YES;
				GCC_WARN_UNINITIALIZED_AUTOS = YES_AGGRESSIVE;
				GCC_WARN_UNUSED_FUNCTION = YES;
				GCC_WARN_UNUSED_VARIABLE = YES;
				IPHONEOS_DEPLOYMENT_TARGET = 12.1;
				MTL_ENABLE_DEBUG_INFO = NO;
				MTL_FAST_MATH = YES;
				SDKROOT = iphoneos;
				SWIFT_COMPILATION_MODE = wholemodule;
				SWIFT_OPTIMIZATION_LEVEL = "-O";
				VALIDATE_PRODUCT = YES;
			};
			name = Release;
		};
		D564CFC522357E4300721B9F /* Debug */ = {
			isa = XCBuildConfiguration;
			buildSettings = {
				ASSETCATALOG_COMPILER_APPICON_NAME = AppIcon;
				CODE_SIGN_IDENTITY = "iPhone Developer";
				CODE_SIGN_STYLE = Automatic;
				DEVELOPMENT_TEAM = HB3HC8SJ9J;
				INFOPLIST_FILE = "$(SRCROOT)/Instagrid/Supporting Files/Info.plist";
				IPHONEOS_DEPLOYMENT_TARGET = 11.0;
				LD_RUNPATH_SEARCH_PATHS = (
					"$(inherited)",
					"@executable_path/Frameworks",
				);
				PRODUCT_BUNDLE_IDENTIFIER = com.xenox.Instagrid;
				PRODUCT_NAME = "$(TARGET_NAME)";
				PROVISIONING_PROFILE_SPECIFIER = "";
				SWIFT_VERSION = 4.2;
				TARGETED_DEVICE_FAMILY = 1;
			};
			name = Debug;
		};
		D564CFC622357E4300721B9F /* Release */ = {
			isa = XCBuildConfiguration;
			buildSettings = {
				ASSETCATALOG_COMPILER_APPICON_NAME = AppIcon;
				CODE_SIGN_IDENTITY = "iPhone Developer";
				CODE_SIGN_STYLE = Automatic;
				DEVELOPMENT_TEAM = HB3HC8SJ9J;
				INFOPLIST_FILE = "$(SRCROOT)/Instagrid/Supporting Files/Info.plist";
				IPHONEOS_DEPLOYMENT_TARGET = 11.0;
				LD_RUNPATH_SEARCH_PATHS = (
					"$(inherited)",
					"@executable_path/Frameworks",
				);
				PRODUCT_BUNDLE_IDENTIFIER = com.xenox.Instagrid;
				PRODUCT_NAME = "$(TARGET_NAME)";
				PROVISIONING_PROFILE_SPECIFIER = "";
				SWIFT_VERSION = 4.2;
				TARGETED_DEVICE_FAMILY = 1;
			};
			name = Release;
		};
/* End XCBuildConfiguration section */

/* Begin XCConfigurationList section */
		D564CFAD22357E4100721B9F /* Build configuration list for PBXProject "Instagrid" */ = {
			isa = XCConfigurationList;
			buildConfigurations = (
				D564CFC222357E4300721B9F /* Debug */,
				D564CFC322357E4300721B9F /* Release */,
			);
			defaultConfigurationIsVisible = 0;
			defaultConfigurationName = Release;
		};
		D564CFC422357E4300721B9F /* Build configuration list for PBXNativeTarget "Instagrid" */ = {
			isa = XCConfigurationList;
			buildConfigurations = (
				D564CFC522357E4300721B9F /* Debug */,
				D564CFC622357E4300721B9F /* Release */,
			);
			defaultConfigurationIsVisible = 0;
			defaultConfigurationName = Release;
		};
/* End XCConfigurationList section */
	};
	rootObject = D564CFAA22357E4100721B9F /* Project object */;
}
